// !$*UTF8*$!
{
	archiveVersion = 1;
	classes = {
	};
	objectVersion = 46;
	objects = {

/* Begin PBXBuildFile section */
		760048601E00096B00694CA6 /* WRBinarySearch.m in Sources */ = {isa = PBXBuildFile; fileRef = 7600485F1E00096B00694CA6 /* WRBinarySearch.m */; };
		7605937A1DC2959F00530126 /* AddTwoBinaryNumbers.swift in Sources */ = {isa = PBXBuildFile; fileRef = 760593791DC2959F00530126 /* AddTwoBinaryNumbers.swift */; };
		7618C3F51DDB7B1200F3481B /* WRBracersBalance.m in Sources */ = {isa = PBXBuildFile; fileRef = 7618C3F41DDB7B1200F3481B /* WRBracersBalance.m */; };
		762424941DDF8EDC000C5A69 /* WRQueueWithTwoStacks.m in Sources */ = {isa = PBXBuildFile; fileRef = 762424931DDF8EDC000C5A69 /* WRQueueWithTwoStacks.m */; };
		762AE7021DF7059C004A9629 /* WRLinkedListReverse.m in Sources */ = {isa = PBXBuildFile; fileRef = 762AE7011DF7059C004A9629 /* WRLinkedListReverse.m */; };
		762D43C51DF4B06A001B98F8 /* Heap.swift in Sources */ = {isa = PBXBuildFile; fileRef = 762D43C41DF4B06A001B98F8 /* Heap.swift */; };
		762D43C71DF5B12C001B98F8 /* Queue.swift in Sources */ = {isa = PBXBuildFile; fileRef = 762D43C61DF5B12C001B98F8 /* Queue.swift */; };
		763656691DBB78D8007196AF /* BFS.swift in Sources */ = {isa = PBXBuildFile; fileRef = 763656681DBB78D8007196AF /* BFS.swift */; };
		7636566B1DBB7B6C007196AF /* QuickSort.swift in Sources */ = {isa = PBXBuildFile; fileRef = 7636566A1DBB7B6C007196AF /* QuickSort.swift */; };
		7636566D1DBBA2D8007196AF /* Range.swift in Sources */ = {isa = PBXBuildFile; fileRef = 7636566C1DBBA2D8007196AF /* Range.swift */; };
		7636566F1DBE7239007196AF /* MaxHeapSort.swift in Sources */ = {isa = PBXBuildFile; fileRef = 7636566E1DBE7239007196AF /* MaxHeapSort.swift */; };
		763F5EA71DE7497300751A6E /* WRStackWithMaxNumber.m in Sources */ = {isa = PBXBuildFile; fileRef = 763F5EA61DE7497300751A6E /* WRStackWithMaxNumber.m */; };
		7640EF7A1E098F8100BD83DD /* WRQuickSort.m in Sources */ = {isa = PBXBuildFile; fileRef = 7640EF791E098F8100BD83DD /* WRQuickSort.m */; };
		7652E3431DFB51C90034E4D8 /* WRPrimeNumber.m in Sources */ = {isa = PBXBuildFile; fileRef = 7652E3421DFB51C90034E4D8 /* WRPrimeNumber.m */; };
		7652E3461DFB55D40034E4D8 /* WRAnagram.m in Sources */ = {isa = PBXBuildFile; fileRef = 7652E3451DFB55D40034E4D8 /* WRAnagram.m */; };
		7662895A1DF189EC001BAAE5 /* WRSubstringExistsInParent.m in Sources */ = {isa = PBXBuildFile; fileRef = 766289591DF189EC001BAAE5 /* WRSubstringExistsInParent.m */; };
		766B659F1E0349360086AF3B /* WRBinarySearchInString.m in Sources */ = {isa = PBXBuildFile; fileRef = 766B659E1E0349360086AF3B /* WRBinarySearchInString.m */; };
		7689F3DD1DFF16C500F30CB2 /* WRHeap.m in Sources */ = {isa = PBXBuildFile; fileRef = 7689F3DC1DFF16C500F30CB2 /* WRHeap.m */; };
		7689F3E01DFF1AC000F30CB2 /* WRRunningMedian.m in Sources */ = {isa = PBXBuildFile; fileRef = 7689F3DF1DFF1AC000F30CB2 /* WRRunningMedian.m */; };
		76989D121E05813800F5074B /* WR2SumProblem.m in Sources */ = {isa = PBXBuildFile; fileRef = 76989D111E05813800F5074B /* WR2SumProblem.m */; };
		76989D151E0582BB00F5074B /* 2sum.txt in CopyFiles */ = {isa = PBXBuildFile; fileRef = 76989D131E0581FC00F5074B /* 2sum.txt */; };
		76989D161E0582BB00F5074B /* Median.txt in CopyFiles */ = {isa = PBXBuildFile; fileRef = 76989D141E0581FC00F5074B /* Median.txt */; };
		76B45C0B1DB6AB3600B762C2 /* main.swift in Sources */ = {isa = PBXBuildFile; fileRef = 76B45C0A1DB6AB3600B762C2 /* main.swift */; };
		76B45C121DB7C28000B762C2 /* MergeSort.swift in Sources */ = {isa = PBXBuildFile; fileRef = 76B45C111DB7C28000B762C2 /* MergeSort.swift */; };
		76C32B7A1DC103DD0080FAC0 /* DFS.swift in Sources */ = {isa = PBXBuildFile; fileRef = 76C32B791DC103DD0080FAC0 /* DFS.swift */; };
		76C32B7C1DC124F70080FAC0 /* BinarySearch.swift in Sources */ = {isa = PBXBuildFile; fileRef = 76C32B7B1DC124F70080FAC0 /* BinarySearch.swift */; };
		76C32B7E1DC162780080FAC0 /* LinkedListReverse.swift in Sources */ = {isa = PBXBuildFile; fileRef = 76C32B7D1DC162780080FAC0 /* LinkedListReverse.swift */; };
		76C32B801DC23D740080FAC0 /* Graph.swift in Sources */ = {isa = PBXBuildFile; fileRef = 76C32B7F1DC23D740080FAC0 /* Graph.swift */; };
		76C9431B1DF62A33009DDB14 /* MoveZeroesToTheRight.swift in Sources */ = {isa = PBXBuildFile; fileRef = 76C9431A1DF62A33009DDB14 /* MoveZeroesToTheRight.swift */; };
		76DA28B71E2977DE00BCD354 /* PhoneFormatting.swift in Sources */ = {isa = PBXBuildFile; fileRef = 76DA28B61E2977DE00BCD354 /* PhoneFormatting.swift */; };
		76DF46451DCF58010025C8FA /* LinkedList.swift in Sources */ = {isa = PBXBuildFile; fileRef = 76DF46441DCF58010025C8FA /* LinkedList.swift */; };
		76DF464A1DCF8C710025C8FA /* Test.swift in Sources */ = {isa = PBXBuildFile; fileRef = 76DF46491DCF8C710025C8FA /* Test.swift */; };
		76EA52671E0BE12200778701 /* IntegerArray.txt in CopyFiles */ = {isa = PBXBuildFile; fileRef = 764938881E0BE06D005122B8 /* IntegerArray.txt */; };
		76F94B641DF70BFF004FD4D6 /* WRLinkedList.m in Sources */ = {isa = PBXBuildFile; fileRef = 76F94B631DF70BFF004FD4D6 /* WRLinkedList.m */; };
		76FFD24B1E093F39004E9675 /* WRMergeSort.m in Sources */ = {isa = PBXBuildFile; fileRef = 76FFD24A1E093F39004E9675 /* WRMergeSort.m */; };
/* End PBXBuildFile section */

/* Begin PBXCopyFilesBuildPhase section */
		76B45C051DB6AB3600B762C2 /* CopyFiles */ = {
			isa = PBXCopyFilesBuildPhase;
			buildActionMask = 12;
			dstPath = "";
			dstSubfolderSpec = 16;
			files = (
				76EA52671E0BE12200778701 /* IntegerArray.txt in CopyFiles */,
				76989D151E0582BB00F5074B /* 2sum.txt in CopyFiles */,
				76989D161E0582BB00F5074B /* Median.txt in CopyFiles */,
			);
			runOnlyForDeploymentPostprocessing = 0;
		};
/* End PBXCopyFilesBuildPhase section */

/* Begin PBXFileReference section */
		7600485E1E00096B00694CA6 /* WRBinarySearch.h */ = {isa = PBXFileReference; fileEncoding = 4; lastKnownFileType = sourcecode.c.h; path = WRBinarySearch.h; sourceTree = "<group>"; };
		7600485F1E00096B00694CA6 /* WRBinarySearch.m */ = {isa = PBXFileReference; fileEncoding = 4; lastKnownFileType = sourcecode.c.objc; path = WRBinarySearch.m; sourceTree = "<group>"; };
		760593791DC2959F00530126 /* AddTwoBinaryNumbers.swift */ = {isa = PBXFileReference; fileEncoding = 4; lastKnownFileType = sourcecode.swift; path = AddTwoBinaryNumbers.swift; sourceTree = "<group>"; };
		7618C3F01DDB7AD400F3481B /* WhiteBoardPreparation-Bridging-Header.h */ = {isa = PBXFileReference; lastKnownFileType = sourcecode.c.h; path = "WhiteBoardPreparation-Bridging-Header.h"; sourceTree = "<group>"; };
		7618C3F31DDB7B1200F3481B /* WRBracersBalance.h */ = {isa = PBXFileReference; fileEncoding = 4; lastKnownFileType = sourcecode.c.h; path = WRBracersBalance.h; sourceTree = "<group>"; };
		7618C3F41DDB7B1200F3481B /* WRBracersBalance.m */ = {isa = PBXFileReference; fileEncoding = 4; lastKnownFileType = sourcecode.c.objc; path = WRBracersBalance.m; sourceTree = "<group>"; };
		762424921DDF8EDC000C5A69 /* WRQueueWithTwoStacks.h */ = {isa = PBXFileReference; fileEncoding = 4; lastKnownFileType = sourcecode.c.h; path = WRQueueWithTwoStacks.h; sourceTree = "<group>"; };
		762424931DDF8EDC000C5A69 /* WRQueueWithTwoStacks.m */ = {isa = PBXFileReference; fileEncoding = 4; lastKnownFileType = sourcecode.c.objc; path = WRQueueWithTwoStacks.m; sourceTree = "<group>"; };
		762AE7001DF7059C004A9629 /* WRLinkedListReverse.h */ = {isa = PBXFileReference; fileEncoding = 4; lastKnownFileType = sourcecode.c.h; path = WRLinkedListReverse.h; sourceTree = "<group>"; };
		762AE7011DF7059C004A9629 /* WRLinkedListReverse.m */ = {isa = PBXFileReference; fileEncoding = 4; lastKnownFileType = sourcecode.c.objc; path = WRLinkedListReverse.m; sourceTree = "<group>"; };
		762D43C41DF4B06A001B98F8 /* Heap.swift */ = {isa = PBXFileReference; fileEncoding = 4; lastKnownFileType = sourcecode.swift; path = Heap.swift; sourceTree = "<group>"; };
		762D43C61DF5B12C001B98F8 /* Queue.swift */ = {isa = PBXFileReference; fileEncoding = 4; lastKnownFileType = sourcecode.swift; path = Queue.swift; sourceTree = "<group>"; };
		763656681DBB78D8007196AF /* BFS.swift */ = {isa = PBXFileReference; fileEncoding = 4; lastKnownFileType = sourcecode.swift; path = BFS.swift; sourceTree = "<group>"; };
		7636566A1DBB7B6C007196AF /* QuickSort.swift */ = {isa = PBXFileReference; fileEncoding = 4; lastKnownFileType = sourcecode.swift; path = QuickSort.swift; sourceTree = "<group>"; };
		7636566C1DBBA2D8007196AF /* Range.swift */ = {isa = PBXFileReference; fileEncoding = 4; lastKnownFileType = sourcecode.swift; path = Range.swift; sourceTree = "<group>"; };
		7636566E1DBE7239007196AF /* MaxHeapSort.swift */ = {isa = PBXFileReference; fileEncoding = 4; lastKnownFileType = sourcecode.swift; path = MaxHeapSort.swift; sourceTree = "<group>"; };
		763F5EA51DE7497300751A6E /* WRStackWithMaxNumber.h */ = {isa = PBXFileReference; fileEncoding = 4; lastKnownFileType = sourcecode.c.h; path = WRStackWithMaxNumber.h; sourceTree = "<group>"; };
		763F5EA61DE7497300751A6E /* WRStackWithMaxNumber.m */ = {isa = PBXFileReference; fileEncoding = 4; lastKnownFileType = sourcecode.c.objc; path = WRStackWithMaxNumber.m; sourceTree = "<group>"; };
		7640EF781E098F8100BD83DD /* WRQuickSort.h */ = {isa = PBXFileReference; fileEncoding = 4; lastKnownFileType = sourcecode.c.h; path = WRQuickSort.h; sourceTree = "<group>"; };
		7640EF791E098F8100BD83DD /* WRQuickSort.m */ = {isa = PBXFileReference; fileEncoding = 4; lastKnownFileType = sourcecode.c.objc; path = WRQuickSort.m; sourceTree = "<group>"; };
		764938881E0BE06D005122B8 /* IntegerArray.txt */ = {isa = PBXFileReference; fileEncoding = 4; lastKnownFileType = text; path = IntegerArray.txt; sourceTree = "<group>"; };
		7652E3411DFB51C90034E4D8 /* WRPrimeNumber.h */ = {isa = PBXFileReference; fileEncoding = 4; lastKnownFileType = sourcecode.c.h; path = WRPrimeNumber.h; sourceTree = "<group>"; };
		7652E3421DFB51C90034E4D8 /* WRPrimeNumber.m */ = {isa = PBXFileReference; fileEncoding = 4; lastKnownFileType = sourcecode.c.objc; path = WRPrimeNumber.m; sourceTree = "<group>"; };
		7652E3441DFB55D40034E4D8 /* WRAnagram.h */ = {isa = PBXFileReference; fileEncoding = 4; lastKnownFileType = sourcecode.c.h; path = WRAnagram.h; sourceTree = "<group>"; };
		7652E3451DFB55D40034E4D8 /* WRAnagram.m */ = {isa = PBXFileReference; fileEncoding = 4; lastKnownFileType = sourcecode.c.objc; path = WRAnagram.m; sourceTree = "<group>"; };
		766289581DF189EC001BAAE5 /* WRSubstringExistsInParent.h */ = {isa = PBXFileReference; fileEncoding = 4; lastKnownFileType = sourcecode.c.h; path = WRSubstringExistsInParent.h; sourceTree = "<group>"; };
		766289591DF189EC001BAAE5 /* WRSubstringExistsInParent.m */ = {isa = PBXFileReference; fileEncoding = 4; lastKnownFileType = sourcecode.c.objc; path = WRSubstringExistsInParent.m; sourceTree = "<group>"; };
		766B659D1E0349360086AF3B /* WRBinarySearchInString.h */ = {isa = PBXFileReference; fileEncoding = 4; lastKnownFileType = sourcecode.c.h; path = WRBinarySearchInString.h; sourceTree = "<group>"; };
		766B659E1E0349360086AF3B /* WRBinarySearchInString.m */ = {isa = PBXFileReference; fileEncoding = 4; lastKnownFileType = sourcecode.c.objc; path = WRBinarySearchInString.m; sourceTree = "<group>"; };
		7689F3DB1DFF16C500F30CB2 /* WRHeap.h */ = {isa = PBXFileReference; fileEncoding = 4; lastKnownFileType = sourcecode.c.h; path = WRHeap.h; sourceTree = "<group>"; };
		7689F3DC1DFF16C500F30CB2 /* WRHeap.m */ = {isa = PBXFileReference; fileEncoding = 4; lastKnownFileType = sourcecode.c.objc; path = WRHeap.m; sourceTree = "<group>"; };
		7689F3DE1DFF1AC000F30CB2 /* WRRunningMedian.h */ = {isa = PBXFileReference; fileEncoding = 4; lastKnownFileType = sourcecode.c.h; path = WRRunningMedian.h; sourceTree = "<group>"; };
		7689F3DF1DFF1AC000F30CB2 /* WRRunningMedian.m */ = {isa = PBXFileReference; fileEncoding = 4; lastKnownFileType = sourcecode.c.objc; path = WRRunningMedian.m; sourceTree = "<group>"; };
		76989D101E05813800F5074B /* WR2SumProblem.h */ = {isa = PBXFileReference; fileEncoding = 4; lastKnownFileType = sourcecode.c.h; path = WR2SumProblem.h; sourceTree = "<group>"; };
		76989D111E05813800F5074B /* WR2SumProblem.m */ = {isa = PBXFileReference; fileEncoding = 4; lastKnownFileType = sourcecode.c.objc; path = WR2SumProblem.m; sourceTree = "<group>"; };
		76989D131E0581FC00F5074B /* 2sum.txt */ = {isa = PBXFileReference; fileEncoding = 4; lastKnownFileType = text; path = 2sum.txt; sourceTree = "<group>"; };
		76989D141E0581FC00F5074B /* Median.txt */ = {isa = PBXFileReference; fileEncoding = 4; lastKnownFileType = text; path = Median.txt; sourceTree = "<group>"; };
		76B45C071DB6AB3600B762C2 /* WhiteBoardPreparation */ = {isa = PBXFileReference; explicitFileType = "compiled.mach-o.executable"; includeInIndex = 0; path = WhiteBoardPreparation; sourceTree = BUILT_PRODUCTS_DIR; };
		76B45C0A1DB6AB3600B762C2 /* main.swift */ = {isa = PBXFileReference; lastKnownFileType = sourcecode.swift; path = main.swift; sourceTree = "<group>"; };
		76B45C111DB7C28000B762C2 /* MergeSort.swift */ = {isa = PBXFileReference; fileEncoding = 4; lastKnownFileType = sourcecode.swift; path = MergeSort.swift; sourceTree = "<group>"; };
		76C32B791DC103DD0080FAC0 /* DFS.swift */ = {isa = PBXFileReference; fileEncoding = 4; lastKnownFileType = sourcecode.swift; path = DFS.swift; sourceTree = "<group>"; };
		76C32B7B1DC124F70080FAC0 /* BinarySearch.swift */ = {isa = PBXFileReference; fileEncoding = 4; lastKnownFileType = sourcecode.swift; path = BinarySearch.swift; sourceTree = "<group>"; };
		76C32B7D1DC162780080FAC0 /* LinkedListReverse.swift */ = {isa = PBXFileReference; fileEncoding = 4; lastKnownFileType = sourcecode.swift; path = LinkedListReverse.swift; sourceTree = "<group>"; };
		76C32B7F1DC23D740080FAC0 /* Graph.swift */ = {isa = PBXFileReference; fileEncoding = 4; lastKnownFileType = sourcecode.swift; path = Graph.swift; sourceTree = "<group>"; };
		76C9431A1DF62A33009DDB14 /* MoveZeroesToTheRight.swift */ = {isa = PBXFileReference; fileEncoding = 4; lastKnownFileType = sourcecode.swift; path = MoveZeroesToTheRight.swift; sourceTree = "<group>"; };
		76DA28B61E2977DE00BCD354 /* PhoneFormatting.swift */ = {isa = PBXFileReference; fileEncoding = 4; lastKnownFileType = sourcecode.swift; path = PhoneFormatting.swift; sourceTree = "<group>"; };
		76DF46441DCF58010025C8FA /* LinkedList.swift */ = {isa = PBXFileReference; fileEncoding = 4; lastKnownFileType = sourcecode.swift; path = LinkedList.swift; sourceTree = "<group>"; };
		76DF46491DCF8C710025C8FA /* Test.swift */ = {isa = PBXFileReference; fileEncoding = 4; lastKnownFileType = sourcecode.swift; path = Test.swift; sourceTree = "<group>"; };
		76F94B621DF70BFF004FD4D6 /* WRLinkedList.h */ = {isa = PBXFileReference; fileEncoding = 4; lastKnownFileType = sourcecode.c.h; path = WRLinkedList.h; sourceTree = "<group>"; };
		76F94B631DF70BFF004FD4D6 /* WRLinkedList.m */ = {isa = PBXFileReference; fileEncoding = 4; lastKnownFileType = sourcecode.c.objc; path = WRLinkedList.m; sourceTree = "<group>"; };
		76FFD2491E093F39004E9675 /* WRMergeSort.h */ = {isa = PBXFileReference; fileEncoding = 4; lastKnownFileType = sourcecode.c.h; path = WRMergeSort.h; sourceTree = "<group>"; };
		76FFD24A1E093F39004E9675 /* WRMergeSort.m */ = {isa = PBXFileReference; fileEncoding = 4; lastKnownFileType = sourcecode.c.objc; path = WRMergeSort.m; sourceTree = "<group>"; };
/* End PBXFileReference section */

/* Begin PBXFrameworksBuildPhase section */
		76B45C041DB6AB3600B762C2 /* Frameworks */ = {
			isa = PBXFrameworksBuildPhase;
			buildActionMask = 2147483647;
			files = (
			);
			runOnlyForDeploymentPostprocessing = 0;
		};
/* End PBXFrameworksBuildPhase section */

/* Begin PBXGroup section */
		7618C3F61DDB7C6500F3481B /* Stack & Queue */ = {
			isa = PBXGroup;
			children = (
				762D43C61DF5B12C001B98F8 /* Queue.swift */,
				7618C3F31DDB7B1200F3481B /* WRBracersBalance.h */,
				7618C3F41DDB7B1200F3481B /* WRBracersBalance.m */,
				762424921DDF8EDC000C5A69 /* WRQueueWithTwoStacks.h */,
				762424931DDF8EDC000C5A69 /* WRQueueWithTwoStacks.m */,
				763F5EA51DE7497300751A6E /* WRStackWithMaxNumber.h */,
				763F5EA61DE7497300751A6E /* WRStackWithMaxNumber.m */,
			);
			name = "Stack & Queue";
			sourceTree = "<group>";
		};
		762D43C31DF4B059001B98F8 /* Heap */ = {
			isa = PBXGroup;
			children = (
				7636566E1DBE7239007196AF /* MaxHeapSort.swift */,
				762D43C41DF4B06A001B98F8 /* Heap.swift */,
				7689F3DB1DFF16C500F30CB2 /* WRHeap.h */,
				7689F3DC1DFF16C500F30CB2 /* WRHeap.m */,
				7689F3DE1DFF1AC000F30CB2 /* WRRunningMedian.h */,
				7689F3DF1DFF1AC000F30CB2 /* WRRunningMedian.m */,
				76989D141E0581FC00F5074B /* Median.txt */,
			);
			name = Heap;
			sourceTree = "<group>";
		};
		766289571DF189CD001BAAE5 /* Strings */ = {
			isa = PBXGroup;
			children = (
				76DA28B61E2977DE00BCD354 /* PhoneFormatting.swift */,
				766289581DF189EC001BAAE5 /* WRSubstringExistsInParent.h */,
				766289591DF189EC001BAAE5 /* WRSubstringExistsInParent.m */,
				7652E3441DFB55D40034E4D8 /* WRAnagram.h */,
				7652E3451DFB55D40034E4D8 /* WRAnagram.m */,
				766B659D1E0349360086AF3B /* WRBinarySearchInString.h */,
				766B659E1E0349360086AF3B /* WRBinarySearchInString.m */,
			);
			name = Strings;
			sourceTree = "<group>";
		};
		76B45BFE1DB6AB3600B762C2 = {
			isa = PBXGroup;
			children = (
				76B45C091DB6AB3600B762C2 /* WhiteBoardPreparation */,
				76B45C081DB6AB3600B762C2 /* Products */,
			);
			sourceTree = "<group>";
		};
		76B45C081DB6AB3600B762C2 /* Products */ = {
			isa = PBXGroup;
			children = (
				76B45C071DB6AB3600B762C2 /* WhiteBoardPreparation */,
			);
			name = Products;
			sourceTree = "<group>";
		};
		76B45C091DB6AB3600B762C2 /* WhiteBoardPreparation */ = {
			isa = PBXGroup;
			children = (
				76B45C0A1DB6AB3600B762C2 /* main.swift */,
				76DF46491DCF8C710025C8FA /* Test.swift */,
				76C943191DF6242F009DDB14 /* CommonSense */,
				76DF46431DCF57DC0025C8FA /* Data Sctructures */,
				7618C3F01DDB7AD400F3481B /* WhiteBoardPreparation-Bridging-Header.h */,
			);
			path = WhiteBoardPreparation;
			sourceTree = "<group>";
		};
		76C943191DF6242F009DDB14 /* CommonSense */ = {
			isa = PBXGroup;
			children = (
				7636566C1DBBA2D8007196AF /* Range.swift */,
				7652E3411DFB51C90034E4D8 /* WRPrimeNumber.h */,
				7652E3421DFB51C90034E4D8 /* WRPrimeNumber.m */,
			);
			name = CommonSense;
			sourceTree = "<group>";
		};
		76C9431C1DF62A37009DDB14 /* Array */ = {
			isa = PBXGroup;
			children = (
				76C9431A1DF62A33009DDB14 /* MoveZeroesToTheRight.swift */,
				760593791DC2959F00530126 /* AddTwoBinaryNumbers.swift */,
				76C32B7B1DC124F70080FAC0 /* BinarySearch.swift */,
				7600485E1E00096B00694CA6 /* WRBinarySearch.h */,
				7600485F1E00096B00694CA6 /* WRBinarySearch.m */,
				76DF46461DCF582B0025C8FA /* Sorting */,
			);
			name = Array;
			sourceTree = "<group>";
		};
		76DF46431DCF57DC0025C8FA /* Data Sctructures */ = {
			isa = PBXGroup;
			children = (
				76DF46481DCF58630025C8FA /* LinkedList */,
				7618C3F61DDB7C6500F3481B /* Stack & Queue */,
				766289571DF189CD001BAAE5 /* Strings */,
				76C9431C1DF62A37009DDB14 /* Array */,
				76FFD24C1E0941BB004E9675 /* HashTable */,
				76DF46471DCF584E0025C8FA /* Graph */,
				762D43C31DF4B059001B98F8 /* Heap */,
			);
			name = "Data Sctructures";
			sourceTree = "<group>";
		};
		76DF46461DCF582B0025C8FA /* Sorting */ = {
			isa = PBXGroup;
			children = (
				764938881E0BE06D005122B8 /* IntegerArray.txt */,
				7636566A1DBB7B6C007196AF /* QuickSort.swift */,
				76B45C111DB7C28000B762C2 /* MergeSort.swift */,
				76FFD2491E093F39004E9675 /* WRMergeSort.h */,
				76FFD24A1E093F39004E9675 /* WRMergeSort.m */,
				7640EF781E098F8100BD83DD /* WRQuickSort.h */,
				7640EF791E098F8100BD83DD /* WRQuickSort.m */,
			);
			name = Sorting;
			sourceTree = "<group>";
		};
		76DF46471DCF584E0025C8FA /* Graph */ = {
			isa = PBXGroup;
			children = (
				763656681DBB78D8007196AF /* BFS.swift */,
				76C32B791DC103DD0080FAC0 /* DFS.swift */,
				76C32B7F1DC23D740080FAC0 /* Graph.swift */,
			);
			name = Graph;
			sourceTree = "<group>";
		};
		76DF46481DCF58630025C8FA /* LinkedList */ = {
			isa = PBXGroup;
			children = (
				76F94B621DF70BFF004FD4D6 /* WRLinkedList.h */,
				76F94B631DF70BFF004FD4D6 /* WRLinkedList.m */,
				76DF46441DCF58010025C8FA /* LinkedList.swift */,
				762AE7001DF7059C004A9629 /* WRLinkedListReverse.h */,
				762AE7011DF7059C004A9629 /* WRLinkedListReverse.m */,
				76C32B7D1DC162780080FAC0 /* LinkedListReverse.swift */,
			);
			name = LinkedList;
			sourceTree = "<group>";
		};
		76FFD24C1E0941BB004E9675 /* HashTable */ = {
			isa = PBXGroup;
			children = (
				76989D131E0581FC00F5074B /* 2sum.txt */,
				76989D101E05813800F5074B /* WR2SumProblem.h */,
				76989D111E05813800F5074B /* WR2SumProblem.m */,
			);
			name = HashTable;
			sourceTree = "<group>";
		};
/* End PBXGroup section */

/* Begin PBXNativeTarget section */
		76B45C061DB6AB3600B762C2 /* WhiteBoardPreparation */ = {
			isa = PBXNativeTarget;
			buildConfigurationList = 76B45C0E1DB6AB3600B762C2 /* Build configuration list for PBXNativeTarget "WhiteBoardPreparation" */;
			buildPhases = (
				76B45C031DB6AB3600B762C2 /* Sources */,
				76B45C041DB6AB3600B762C2 /* Frameworks */,
				76B45C051DB6AB3600B762C2 /* CopyFiles */,
			);
			buildRules = (
			);
			dependencies = (
			);
			name = WhiteBoardPreparation;
			productName = WhiteBoardPreparation;
			productReference = 76B45C071DB6AB3600B762C2 /* WhiteBoardPreparation */;
			productType = "com.apple.product-type.tool";
		};
/* End PBXNativeTarget section */

/* Begin PBXProject section */
		76B45BFF1DB6AB3600B762C2 /* Project object */ = {
			isa = PBXProject;
			attributes = {
				LastSwiftUpdateCheck = 0800;
				LastUpgradeCheck = 0810;
				ORGANIZATIONNAME = Connector;
				TargetAttributes = {
					76B45C061DB6AB3600B762C2 = {
						CreatedOnToolsVersion = 8.0;
						DevelopmentTeam = 8Z6K8L6RG3;
						LastSwiftMigration = 0810;
						ProvisioningStyle = Automatic;
					};
				};
			};
			buildConfigurationList = 76B45C021DB6AB3600B762C2 /* Build configuration list for PBXProject "WhiteBoardPreparation" */;
			compatibilityVersion = "Xcode 3.2";
			developmentRegion = English;
			hasScannedForEncodings = 0;
			knownRegions = (
				en,
			);
			mainGroup = 76B45BFE1DB6AB3600B762C2;
			productRefGroup = 76B45C081DB6AB3600B762C2 /* Products */;
			projectDirPath = "";
			projectRoot = "";
			targets = (
				76B45C061DB6AB3600B762C2 /* WhiteBoardPreparation */,
			);
		};
/* End PBXProject section */

/* Begin PBXSourcesBuildPhase section */
		76B45C031DB6AB3600B762C2 /* Sources */ = {
			isa = PBXSourcesBuildPhase;
			buildActionMask = 2147483647;
			files = (
				76C32B7C1DC124F70080FAC0 /* BinarySearch.swift in Sources */,
				76FFD24B1E093F39004E9675 /* WRMergeSort.m in Sources */,
				766B659F1E0349360086AF3B /* WRBinarySearchInString.m in Sources */,
				7618C3F51DDB7B1200F3481B /* WRBracersBalance.m in Sources */,
				7689F3E01DFF1AC000F30CB2 /* WRRunningMedian.m in Sources */,
				76DA28B71E2977DE00BCD354 /* PhoneFormatting.swift in Sources */,
				7636566F1DBE7239007196AF /* MaxHeapSort.swift in Sources */,
				7652E3431DFB51C90034E4D8 /* WRPrimeNumber.m in Sources */,
				7689F3DD1DFF16C500F30CB2 /* WRHeap.m in Sources */,
				76B45C121DB7C28000B762C2 /* MergeSort.swift in Sources */,
				762D43C51DF4B06A001B98F8 /* Heap.swift in Sources */,
				7605937A1DC2959F00530126 /* AddTwoBinaryNumbers.swift in Sources */,
				76C9431B1DF62A33009DDB14 /* MoveZeroesToTheRight.swift in Sources */,
				76B45C0B1DB6AB3600B762C2 /* main.swift in Sources */,
				7640EF7A1E098F8100BD83DD /* WRQuickSort.m in Sources */,
				76C32B801DC23D740080FAC0 /* Graph.swift in Sources */,
				762AE7021DF7059C004A9629 /* WRLinkedListReverse.m in Sources */,
				76DF464A1DCF8C710025C8FA /* Test.swift in Sources */,
				76DF46451DCF58010025C8FA /* LinkedList.swift in Sources */,
				76C32B7E1DC162780080FAC0 /* LinkedListReverse.swift in Sources */,
				763656691DBB78D8007196AF /* BFS.swift in Sources */,
				7662895A1DF189EC001BAAE5 /* WRSubstringExistsInParent.m in Sources */,
				76989D121E05813800F5074B /* WR2SumProblem.m in Sources */,
				763F5EA71DE7497300751A6E /* WRStackWithMaxNumber.m in Sources */,
				762D43C71DF5B12C001B98F8 /* Queue.swift in Sources */,
				7636566B1DBB7B6C007196AF /* QuickSort.swift in Sources */,
				76F94B641DF70BFF004FD4D6 /* WRLinkedList.m in Sources */,
				76C32B7A1DC103DD0080FAC0 /* DFS.swift in Sources */,
				762424941DDF8EDC000C5A69 /* WRQueueWithTwoStacks.m in Sources */,
				7652E3461DFB55D40034E4D8 /* WRAnagram.m in Sources */,
				760048601E00096B00694CA6 /* WRBinarySearch.m in Sources */,
				7636566D1DBBA2D8007196AF /* Range.swift in Sources */,
			);
			runOnlyForDeploymentPostprocessing = 0;
		};
/* End PBXSourcesBuildPhase section */

/* Begin XCBuildConfiguration section */
		76B45C0C1DB6AB3600B762C2 /* Debug */ = {
			isa = XCBuildConfiguration;
			buildSettings = {
				ALWAYS_SEARCH_USER_PATHS = NO;
				CLANG_ANALYZER_NONNULL = YES;
				CLANG_CXX_LANGUAGE_STANDARD = "gnu++0x";
				CLANG_CXX_LIBRARY = "libc++";
				CLANG_ENABLE_MODULES = YES;
				CLANG_ENABLE_OBJC_ARC = YES;
				CLANG_WARN_BOOL_CONVERSION = YES;
				CLANG_WARN_CONSTANT_CONVERSION = YES;
				CLANG_WARN_DIRECT_OBJC_ISA_USAGE = YES_ERROR;
				CLANG_WARN_DOCUMENTATION_COMMENTS = YES;
				CLANG_WARN_EMPTY_BODY = YES;
				CLANG_WARN_ENUM_CONVERSION = YES;
				CLANG_WARN_INFINITE_RECURSION = YES;
				CLANG_WARN_INT_CONVERSION = YES;
				CLANG_WARN_OBJC_ROOT_CLASS = YES_ERROR;
				CLANG_WARN_SUSPICIOUS_MOVE = YES;
				CLANG_WARN_SUSPICIOUS_MOVES = YES;
				CLANG_WARN_UNREACHABLE_CODE = YES;
				CLANG_WARN__DUPLICATE_METHOD_MATCH = YES;
				CODE_SIGN_IDENTITY = "-";
				COPY_PHASE_STRIP = NO;
				DEBUG_INFORMATION_FORMAT = dwarf;
				ENABLE_STRICT_OBJC_MSGSEND = YES;
				ENABLE_TESTABILITY = YES;
				GCC_C_LANGUAGE_STANDARD = gnu99;
				GCC_DYNAMIC_NO_PIC = NO;
				GCC_NO_COMMON_BLOCKS = YES;
				GCC_OPTIMIZATION_LEVEL = 0;
				GCC_PREPROCESSOR_DEFINITIONS = (
					"DEBUG=1",
					"$(inherited)",
				);
				GCC_WARN_64_TO_32_BIT_CONVERSION = YES;
				GCC_WARN_ABOUT_RETURN_TYPE = YES_ERROR;
				GCC_WARN_UNDECLARED_SELECTOR = YES;
				GCC_WARN_UNINITIALIZED_AUTOS = YES_AGGRESSIVE;
				GCC_WARN_UNUSED_FUNCTION = YES;
				GCC_WARN_UNUSED_VARIABLE = YES;
				MACOSX_DEPLOYMENT_TARGET = 10.11;
				MTL_ENABLE_DEBUG_INFO = YES;
				ONLY_ACTIVE_ARCH = YES;
				SDKROOT = macosx;
				SWIFT_OPTIMIZATION_LEVEL = "-Onone";
			};
			name = Debug;
		};
		76B45C0D1DB6AB3600B762C2 /* Release */ = {
			isa = XCBuildConfiguration;
			buildSettings = {
				ALWAYS_SEARCH_USER_PATHS = NO;
				CLANG_ANALYZER_NONNULL = YES;
				CLANG_CXX_LANGUAGE_STANDARD = "gnu++0x";
				CLANG_CXX_LIBRARY = "libc++";
				CLANG_ENABLE_MODULES = YES;
				CLANG_ENABLE_OBJC_ARC = YES;
				CLANG_WARN_BOOL_CONVERSION = YES;
				CLANG_WARN_CONSTANT_CONVERSION = YES;
				CLANG_WARN_DIRECT_OBJC_ISA_USAGE = YES_ERROR;
				CLANG_WARN_DOCUMENTATION_COMMENTS = YES;
				CLANG_WARN_EMPTY_BODY = YES;
				CLANG_WARN_ENUM_CONVERSION = YES;
				CLANG_WARN_INFINITE_RECURSION = YES;
				CLANG_WARN_INT_CONVERSION = YES;
				CLANG_WARN_OBJC_ROOT_CLASS = YES_ERROR;
				CLANG_WARN_SUSPICIOUS_MOVE = YES;
				CLANG_WARN_SUSPICIOUS_MOVES = YES;
				CLANG_WARN_UNREACHABLE_CODE = YES;
				CLANG_WARN__DUPLICATE_METHOD_MATCH = YES;
				CODE_SIGN_IDENTITY = "-";
				COPY_PHASE_STRIP = NO;
				DEBUG_INFORMATION_FORMAT = "dwarf-with-dsym";
				ENABLE_NS_ASSERTIONS = NO;
				ENABLE_STRICT_OBJC_MSGSEND = YES;
				GCC_C_LANGUAGE_STANDARD = gnu99;
				GCC_NO_COMMON_BLOCKS = YES;
				GCC_WARN_64_TO_32_BIT_CONVERSION = YES;
				GCC_WARN_ABOUT_RETURN_TYPE = YES_ERROR;
				GCC_WARN_UNDECLARED_SELECTOR = YES;
				GCC_WARN_UNINITIALIZED_AUTOS = YES_AGGRESSIVE;
				GCC_WARN_UNUSED_FUNCTION = YES;
				GCC_WARN_UNUSED_VARIABLE = YES;
				MACOSX_DEPLOYMENT_TARGET = 10.11;
				MTL_ENABLE_DEBUG_INFO = NO;
				SDKROOT = macosx;
				SWIFT_OPTIMIZATION_LEVEL = "-Owholemodule";
			};
			name = Release;
		};
		76B45C0F1DB6AB3600B762C2 /* Debug */ = {
			isa = XCBuildConfiguration;
			buildSettings = {
				CLANG_ENABLE_MODULES = YES;
				DEVELOPMENT_TEAM = 8Z6K8L6RG3;
				LD_RUNPATH_SEARCH_PATHS = "$(inherited) @executable_path/../Frameworks @loader_path/../Frameworks";
				PRODUCT_NAME = "$(TARGET_NAME)";
				SWIFT_OBJC_BRIDGING_HEADER = "WhiteBoardPreparation/WhiteBoardPreparation-Bridging-Header.h";
				SWIFT_OPTIMIZATION_LEVEL = "-Onone";
				SWIFT_VERSION = 3.0;
			};
			name = Debug;
		};
		76B45C101DB6AB3600B762C2 /* Release */ = {
			isa = XCBuildConfiguration;
			buildSettings = {
				CLANG_ENABLE_MODULES = YES;
				DEVELOPMENT_TEAM = 8Z6K8L6RG3;
				LD_RUNPATH_SEARCH_PATHS = "$(inherited) @executable_path/../Frameworks @loader_path/../Frameworks";
				PRODUCT_NAME = "$(TARGET_NAME)";
				SWIFT_OBJC_BRIDGING_HEADER = "WhiteBoardPreparation/WhiteBoardPreparation-Bridging-Header.h";
				SWIFT_VERSION = 3.0;
			};
			name = Release;
		};
/* End XCBuildConfiguration section */

/* Begin XCConfigurationList section */
		76B45C021DB6AB3600B762C2 /* Build configuration list for PBXProject "WhiteBoardPreparation" */ = {
			isa = XCConfigurationList;
			buildConfigurations = (
				76B45C0C1DB6AB3600B762C2 /* Debug */,
				76B45C0D1DB6AB3600B762C2 /* Release */,
			);
			defaultConfigurationIsVisible = 0;
			defaultConfigurationName = Release;
		};
		76B45C0E1DB6AB3600B762C2 /* Build configuration list for PBXNativeTarget "WhiteBoardPreparation" */ = {
			isa = XCConfigurationList;
			buildConfigurations = (
				76B45C0F1DB6AB3600B762C2 /* Debug */,
				76B45C101DB6AB3600B762C2 /* Release */,
			);
			defaultConfigurationIsVisible = 0;
			defaultConfigurationName = Release;
		};
/* End XCConfigurationList section */
	};
	rootObject = 76B45BFF1DB6AB3600B762C2 /* Project object */;
}
